
Microsoft Visual Studio Solution File, Format Version 12.00
# Visual Studio Version 16
VisualStudioVersion = 16.0.32802.440
MinimumVisualStudioVersion = 10.0.40219.1
Project("{FAE04EC0-301F-11D3-BF4B-00C04F79EFBC}") = "MyWebBookStore", "MyWebBookStore\MyWebBookStore.csproj", "{DADEC376-FE91-4BFF-B6FC-B1113A6F89C5}"
EndProject
Global
	GlobalSection(SolutionConfigurationPlatforms) = preSolution
		Debug|Any CPU = Debug|Any CPU
		Release|Any CPU = Release|Any CPU
	EndGlobalSection
	GlobalSection(ProjectConfigurationPlatforms) = postSolution
		{DADEC376-FE91-4BFF-B6FC-B1113A6F89C5}.Debug|Any CPU.ActiveCfg = Debug|Any CPU
		{DADEC376-FE91-4BFF-B6FC-B1113A6F89C5}.Debug|Any CPU.Build.0 = Debug|Any CPU
		{DADEC376-FE91-4BFF-B6FC-B1113A6F89C5}.Release|Any CPU.ActiveCfg = Release|Any CPU
		{DADEC376-FE91-4BFF-B6FC-B1113A6F89C5}.Release|Any CPU.Build.0 = Release|Any CPU
	EndGlobalSection
	GlobalSection(SolutionProperties) = preSolution
		HideSolutionNode = FALSE
	EndGlobalSection
	GlobalSection(ExtensibilityGlobals) = postSolution
		SolutionGuid = {D5D30A5F-E770-4DFC-BA87-7C7AD8FAD6F0}
	EndGlobalSection
EndGlobal
